
Microsoft Visual Studio Solution File, Format Version 12.00
# Visual Studio Version 17
VisualStudioVersion = 17.6.33815.320
MinimumVisualStudioVersion = 10.0.40219.1
Project("{9A19103F-16F7-4668-BE54-9A1E7A4F7556}") = "Etapa1", "Etapa1.csproj", "{D5C55740-A624-454B-942E-92F3B531412D}"
EndProject
Global
	GlobalSection(SolutionConfigurationPlatforms) = preSolution
		Debug|Any CPU = Debug|Any CPU
		Release|Any CPU = Release|Any CPU
	EndGlobalSection
	GlobalSection(ProjectConfigurationPlatforms) = postSolution
		{D5C55740-A624-454B-942E-92F3B531412D}.Debug|Any CPU.ActiveCfg = Debug|Any CPU
		{D5C55740-A624-454B-942E-92F3B531412D}.Debug|Any CPU.Build.0 = Debug|Any CPU
		{D5C55740-A624-454B-942E-92F3B531412D}.Release|Any CPU.ActiveCfg = Release|Any CPU
		{D5C55740-A624-454B-942E-92F3B531412D}.Release|Any CPU.Build.0 = Release|Any CPU
	EndGlobalSection
	GlobalSection(SolutionProperties) = preSolution
		HideSolutionNode = FALSE
	EndGlobalSection
	GlobalSection(ExtensibilityGlobals) = postSolution
		SolutionGuid = {2AD2B552-BFBC-4A6F-A39F-44AF3F946F2B}
	EndGlobalSection
EndGlobal
